
Microsoft Visual Studio Solution File, Format Version 12.00
# Visual Studio Version 17
VisualStudioVersion = 17.0.31903.59
MinimumVisualStudioVersion = 10.0.40219.1
Project("{2150E333-8FDC-42A3-9474-1A3956D46DE8}") = "src", "src", "{827E0CD3-B72D-47B6-A68D-7590B98EB39B}"
EndProject
Project("{FAE04EC0-301F-11D3-BF4B-00C04F79EFBC}") = "UserService", "src\UserService\UserService.csproj", "{6BA0280E-D055-4377-9D47-E39912C08B37}"
EndProject
Project("{FAE04EC0-301F-11D3-BF4B-00C04F79EFBC}") = "TeamService", "src\TeamService\TeamService.csproj", "{BEC24F0C-EBDA-48B7-B70F-0FEE66289DB6}"
EndProject
Project("{FAE04EC0-301F-11D3-BF4B-00C04F79EFBC}") = "FriendshipService", "src\FriendshipService\FriendshipService.csproj", "{7B674E06-C141-4D15-847D-1D70A40D4746}"
EndProject
Project("{FAE04EC0-301F-11D3-BF4B-00C04F79EFBC}") = "TaskService", "src\TaskService\TaskService.csproj", "{915648AE-34E7-4664-91DC-F68BB4D7E9BB}"
EndProject
Project("{FAE04EC0-301F-11D3-BF4B-00C04F79EFBC}") = "AssignmentService", "src\AssignmentService\AssignmentService.csproj", "{ED22E408-F050-409B-A289-9ACF7A144B39}"
EndProject
Project("{FAE04EC0-301F-11D3-BF4B-00C04F79EFBC}") = "NotificationService", "src\NotificationService\NotificationService.csproj", "{439A87B8-8637-408A-9877-5CE713E94BF3}"
EndProject
Project("{FAE04EC0-301F-11D3-BF4B-00C04F79EFBC}") = "LeaderboardService", "src\LeaderboardService\LeaderboardService.csproj", "{FC2931C3-FD8A-4CFE-A643-5AABAC90C303}"
EndProject
Project("{FAE04EC0-301F-11D3-BF4B-00C04F79EFBC}") = "StickerService", "src\StickerService\StickerService.csproj", "{A610F9D1-E83F-485C-9722-FAB4B29A6665}"
EndProject
Project("{FAE04EC0-301F-11D3-BF4B-00C04F79EFBC}") = "ShareService", "src\ShareService\ShareService.csproj", "{4D057184-48C8-48B4-8498-4C5EEC36DC58}"
EndProject
Project("{FAE04EC0-301F-11D3-BF4B-00C04F79EFBC}") = "ChatService", "src\ChatService\ChatService.csproj", "{5A3FFA5F-16B7-451A-BF4B-BD3EDA9BCD97}"
EndProject
Project("{FAE04EC0-301F-11D3-BF4B-00C04F79EFBC}") = "ProofService", "src\ProofService\ProofService.csproj", "{0FF4BCBF-1404-4717-B1F1-43732B06CF2B}"
EndProject
Global
	GlobalSection(SolutionConfigurationPlatforms) = preSolution
		Debug|Any CPU = Debug|Any CPU
		Debug|x64 = Debug|x64
		Debug|x86 = Debug|x86
		Release|Any CPU = Release|Any CPU
		Release|x64 = Release|x64
		Release|x86 = Release|x86
	EndGlobalSection
	GlobalSection(ProjectConfigurationPlatforms) = postSolution
		{6BA0280E-D055-4377-9D47-E39912C08B37}.Debug|Any CPU.ActiveCfg = Debug|Any CPU
		{6BA0280E-D055-4377-9D47-E39912C08B37}.Debug|Any CPU.Build.0 = Debug|Any CPU
		{6BA0280E-D055-4377-9D47-E39912C08B37}.Debug|x64.ActiveCfg = Debug|Any CPU
		{6BA0280E-D055-4377-9D47-E39912C08B37}.Debug|x64.Build.0 = Debug|Any CPU
		{6BA0280E-D055-4377-9D47-E39912C08B37}.Debug|x86.ActiveCfg = Debug|Any CPU
		{6BA0280E-D055-4377-9D47-E39912C08B37}.Debug|x86.Build.0 = Debug|Any CPU
		{6BA0280E-D055-4377-9D47-E39912C08B37}.Release|Any CPU.ActiveCfg = Release|Any CPU
		{6BA0280E-D055-4377-9D47-E39912C08B37}.Release|Any CPU.Build.0 = Release|Any CPU
		{6BA0280E-D055-4377-9D47-E39912C08B37}.Release|x64.ActiveCfg = Release|Any CPU
		{6BA0280E-D055-4377-9D47-E39912C08B37}.Release|x64.Build.0 = Release|Any CPU
		{6BA0280E-D055-4377-9D47-E39912C08B37}.Release|x86.ActiveCfg = Release|Any CPU
		{6BA0280E-D055-4377-9D47-E39912C08B37}.Release|x86.Build.0 = Release|Any CPU
		{BEC24F0C-EBDA-48B7-B70F-0FEE66289DB6}.Debug|Any CPU.ActiveCfg = Debug|Any CPU
		{BEC24F0C-EBDA-48B7-B70F-0FEE66289DB6}.Debug|Any CPU.Build.0 = Debug|Any CPU
		{BEC24F0C-EBDA-48B7-B70F-0FEE66289DB6}.Debug|x64.ActiveCfg = Debug|Any CPU
		{BEC24F0C-EBDA-48B7-B70F-0FEE66289DB6}.Debug|x64.Build.0 = Debug|Any CPU
		{BEC24F0C-EBDA-48B7-B70F-0FEE66289DB6}.Debug|x86.ActiveCfg = Debug|Any CPU
		{BEC24F0C-EBDA-48B7-B70F-0FEE66289DB6}.Debug|x86.Build.0 = Debug|Any CPU
		{BEC24F0C-EBDA-48B7-B70F-0FEE66289DB6}.Release|Any CPU.ActiveCfg = Release|Any CPU
		{BEC24F0C-EBDA-48B7-B70F-0FEE66289DB6}.Release|Any CPU.Build.0 = Release|Any CPU
		{BEC24F0C-EBDA-48B7-B70F-0FEE66289DB6}.Release|x64.ActiveCfg = Release|Any CPU
		{BEC24F0C-EBDA-48B7-B70F-0FEE66289DB6}.Release|x64.Build.0 = Release|Any CPU
		{BEC24F0C-EBDA-48B7-B70F-0FEE66289DB6}.Release|x86.ActiveCfg = Release|Any CPU
		{BEC24F0C-EBDA-48B7-B70F-0FEE66289DB6}.Release|x86.Build.0 = Release|Any CPU
		{7B674E06-C141-4D15-847D-1D70A40D4746}.Debug|Any CPU.ActiveCfg = Debug|Any CPU
		{7B674E06-C141-4D15-847D-1D70A40D4746}.Debug|Any CPU.Build.0 = Debug|Any CPU
		{7B674E06-C141-4D15-847D-1D70A40D4746}.Debug|x64.ActiveCfg = Debug|Any CPU
		{7B674E06-C141-4D15-847D-1D70A40D4746}.Debug|x64.Build.0 = Debug|Any CPU
		{7B674E06-C141-4D15-847D-1D70A40D4746}.Debug|x86.ActiveCfg = Debug|Any CPU
		{7B674E06-C141-4D15-847D-1D70A40D4746}.Debug|x86.Build.0 = Debug|Any CPU
		{7B674E06-C141-4D15-847D-1D70A40D4746}.Release|Any CPU.ActiveCfg = Release|Any CPU
		{7B674E06-C141-4D15-847D-1D70A40D4746}.Release|Any CPU.Build.0 = Release|Any CPU
		{7B674E06-C141-4D15-847D-1D70A40D4746}.Release|x64.ActiveCfg = Release|Any CPU
		{7B674E06-C141-4D15-847D-1D70A40D4746}.Release|x64.Build.0 = Release|Any CPU
		{7B674E06-C141-4D15-847D-1D70A40D4746}.Release|x86.ActiveCfg = Release|Any CPU
		{7B674E06-C141-4D15-847D-1D70A40D4746}.Release|x86.Build.0 = Release|Any CPU
		{915648AE-34E7-4664-91DC-F68BB4D7E9BB}.Debug|Any CPU.ActiveCfg = Debug|Any CPU
		{915648AE-34E7-4664-91DC-F68BB4D7E9BB}.Debug|Any CPU.Build.0 = Debug|Any CPU
		{915648AE-34E7-4664-91DC-F68BB4D7E9BB}.Debug|x64.ActiveCfg = Debug|Any CPU
		{915648AE-34E7-4664-91DC-F68BB4D7E9BB}.Debug|x64.Build.0 = Debug|Any CPU
		{915648AE-34E7-4664-91DC-F68BB4D7E9BB}.Debug|x86.ActiveCfg = Debug|Any CPU
		{915648AE-34E7-4664-91DC-F68BB4D7E9BB}.Debug|x86.Build.0 = Debug|Any CPU
		{915648AE-34E7-4664-91DC-F68BB4D7E9BB}.Release|Any CPU.ActiveCfg = Release|Any CPU
		{915648AE-34E7-4664-91DC-F68BB4D7E9BB}.Release|Any CPU.Build.0 = Release|Any CPU
		{915648AE-34E7-4664-91DC-F68BB4D7E9BB}.Release|x64.ActiveCfg = Release|Any CPU
		{915648AE-34E7-4664-91DC-F68BB4D7E9BB}.Release|x64.Build.0 = Release|Any CPU
		{915648AE-34E7-4664-91DC-F68BB4D7E9BB}.Release|x86.ActiveCfg = Release|Any CPU
		{915648AE-34E7-4664-91DC-F68BB4D7E9BB}.Release|x86.Build.0 = Release|Any CPU
		{ED22E408-F050-409B-A289-9ACF7A144B39}.Debug|Any CPU.ActiveCfg = Debug|Any CPU
		{ED22E408-F050-409B-A289-9ACF7A144B39}.Debug|Any CPU.Build.0 = Debug|Any CPU
		{ED22E408-F050-409B-A289-9ACF7A144B39}.Debug|x64.ActiveCfg = Debug|Any CPU
		{ED22E408-F050-409B-A289-9ACF7A144B39}.Debug|x64.Build.0 = Debug|Any CPU
		{ED22E408-F050-409B-A289-9ACF7A144B39}.Debug|x86.ActiveCfg = Debug|Any CPU
		{ED22E408-F050-409B-A289-9ACF7A144B39}.Debug|x86.Build.0 = Debug|Any CPU
		{ED22E408-F050-409B-A289-9ACF7A144B39}.Release|Any CPU.ActiveCfg = Release|Any CPU
		{ED22E408-F050-409B-A289-9ACF7A144B39}.Release|Any CPU.Build.0 = Release|Any CPU
		{ED22E408-F050-409B-A289-9ACF7A144B39}.Release|x64.ActiveCfg = Release|Any CPU
		{ED22E408-F050-409B-A289-9ACF7A144B39}.Release|x64.Build.0 = Release|Any CPU
		{ED22E408-F050-409B-A289-9ACF7A144B39}.Release|x86.ActiveCfg = Release|Any CPU
		{ED22E408-F050-409B-A289-9ACF7A144B39}.Release|x86.Build.0 = Release|Any CPU
		{439A87B8-8637-408A-9877-5CE713E94BF3}.Debug|Any CPU.ActiveCfg = Debug|Any CPU
		{439A87B8-8637-408A-9877-5CE713E94BF3}.Debug|Any CPU.Build.0 = Debug|Any CPU
		{439A87B8-8637-408A-9877-5CE713E94BF3}.Debug|x64.ActiveCfg = Debug|Any CPU
		{439A87B8-8637-408A-9877-5CE713E94BF3}.Debug|x64.Build.0 = Debug|Any CPU
		{439A87B8-8637-408A-9877-5CE713E94BF3}.Debug|x86.ActiveCfg = Debug|Any CPU
		{439A87B8-8637-408A-9877-5CE713E94BF3}.Debug|x86.Build.0 = Debug|Any CPU
		{439A87B8-8637-408A-9877-5CE713E94BF3}.Release|Any CPU.ActiveCfg = Release|Any CPU
		{439A87B8-8637-408A-9877-5CE713E94BF3}.Release|Any CPU.Build.0 = Release|Any CPU
		{439A87B8-8637-408A-9877-5CE713E94BF3}.Release|x64.ActiveCfg = Release|Any CPU
		{439A87B8-8637-408A-9877-5CE713E94BF3}.Release|x64.Build.0 = Release|Any CPU
		{439A87B8-8637-408A-9877-5CE713E94BF3}.Release|x86.ActiveCfg = Release|Any CPU
		{439A87B8-8637-408A-9877-5CE713E94BF3}.Release|x86.Build.0 = Release|Any CPU
		{FC2931C3-FD8A-4CFE-A643-5AABAC90C303}.Debug|Any CPU.ActiveCfg = Debug|Any CPU
		{FC2931C3-FD8A-4CFE-A643-5AABAC90C303}.Debug|Any CPU.Build.0 = Debug|Any CPU
		{FC2931C3-FD8A-4CFE-A643-5AABAC90C303}.Debug|x64.ActiveCfg = Debug|Any CPU
		{FC2931C3-FD8A-4CFE-A643-5AABAC90C303}.Debug|x64.Build.0 = Debug|Any CPU
		{FC2931C3-FD8A-4CFE-A643-5AABAC90C303}.Debug|x86.ActiveCfg = Debug|Any CPU
		{FC2931C3-FD8A-4CFE-A643-5AABAC90C303}.Debug|x86.Build.0 = Debug|Any CPU
		{FC2931C3-FD8A-4CFE-A643-5AABAC90C303}.Release|Any CPU.ActiveCfg = Release|Any CPU
		{FC2931C3-FD8A-4CFE-A643-5AABAC90C303}.Release|Any CPU.Build.0 = Release|Any CPU
		{FC2931C3-FD8A-4CFE-A643-5AABAC90C303}.Release|x64.ActiveCfg = Release|Any CPU
		{FC2931C3-FD8A-4CFE-A643-5AABAC90C303}.Release|x64.Build.0 = Release|Any CPU
		{FC2931C3-FD8A-4CFE-A643-5AABAC90C303}.Release|x86.ActiveCfg = Release|Any CPU
		{FC2931C3-FD8A-4CFE-A643-5AABAC90C303}.Release|x86.Build.0 = Release|Any CPU
		{A610F9D1-E83F-485C-9722-FAB4B29A6665}.Debug|Any CPU.ActiveCfg = Debug|Any CPU
		{A610F9D1-E83F-485C-9722-FAB4B29A6665}.Debug|Any CPU.Build.0 = Debug|Any CPU
		{A610F9D1-E83F-485C-9722-FAB4B29A6665}.Debug|x64.ActiveCfg = Debug|Any CPU
		{A610F9D1-E83F-485C-9722-FAB4B29A6665}.Debug|x64.Build.0 = Debug|Any CPU
		{A610F9D1-E83F-485C-9722-FAB4B29A6665}.Debug|x86.ActiveCfg = Debug|Any CPU
		{A610F9D1-E83F-485C-9722-FAB4B29A6665}.Debug|x86.Build.0 = Debug|Any CPU
		{A610F9D1-E83F-485C-9722-FAB4B29A6665}.Release|Any CPU.ActiveCfg = Release|Any CPU
		{A610F9D1-E83F-485C-9722-FAB4B29A6665}.Release|Any CPU.Build.0 = Release|Any CPU
		{A610F9D1-E83F-485C-9722-FAB4B29A6665}.Release|x64.ActiveCfg = Release|Any CPU
		{A610F9D1-E83F-485C-9722-FAB4B29A6665}.Release|x64.Build.0 = Release|Any CPU
		{A610F9D1-E83F-485C-9722-FAB4B29A6665}.Release|x86.ActiveCfg = Release|Any CPU
		{A610F9D1-E83F-485C-9722-FAB4B29A6665}.Release|x86.Build.0 = Release|Any CPU
		{4D057184-48C8-48B4-8498-4C5EEC36DC58}.Debug|Any CPU.ActiveCfg = Debug|Any CPU
		{4D057184-48C8-48B4-8498-4C5EEC36DC58}.Debug|Any CPU.Build.0 = Debug|Any CPU
		{4D057184-48C8-48B4-8498-4C5EEC36DC58}.Debug|x64.ActiveCfg = Debug|Any CPU
		{4D057184-48C8-48B4-8498-4C5EEC36DC58}.Debug|x64.Build.0 = Debug|Any CPU
		{4D057184-48C8-48B4-8498-4C5EEC36DC58}.Debug|x86.ActiveCfg = Debug|Any CPU
		{4D057184-48C8-48B4-8498-4C5EEC36DC58}.Debug|x86.Build.0 = Debug|Any CPU
		{4D057184-48C8-48B4-8498-4C5EEC36DC58}.Release|Any CPU.ActiveCfg = Release|Any CPU
		{4D057184-48C8-48B4-8498-4C5EEC36DC58}.Release|Any CPU.Build.0 = Release|Any CPU
		{4D057184-48C8-48B4-8498-4C5EEC36DC58}.Release|x64.ActiveCfg = Release|Any CPU
		{4D057184-48C8-48B4-8498-4C5EEC36DC58}.Release|x64.Build.0 = Release|Any CPU
		{4D057184-48C8-48B4-8498-4C5EEC36DC58}.Release|x86.ActiveCfg = Release|Any CPU
		{4D057184-48C8-48B4-8498-4C5EEC36DC58}.Release|x86.Build.0 = Release|Any CPU
		{5A3FFA5F-16B7-451A-BF4B-BD3EDA9BCD97}.Debug|Any CPU.ActiveCfg = Debug|Any CPU
		{5A3FFA5F-16B7-451A-BF4B-BD3EDA9BCD97}.Debug|Any CPU.Build.0 = Debug|Any CPU
		{5A3FFA5F-16B7-451A-BF4B-BD3EDA9BCD97}.Debug|x64.ActiveCfg = Debug|Any CPU
		{5A3FFA5F-16B7-451A-BF4B-BD3EDA9BCD97}.Debug|x64.Build.0 = Debug|Any CPU
		{5A3FFA5F-16B7-451A-BF4B-BD3EDA9BCD97}.Debug|x86.ActiveCfg = Debug|Any CPU
		{5A3FFA5F-16B7-451A-BF4B-BD3EDA9BCD97}.Debug|x86.Build.0 = Debug|Any CPU
		{5A3FFA5F-16B7-451A-BF4B-BD3EDA9BCD97}.Release|Any CPU.ActiveCfg = Release|Any CPU
		{5A3FFA5F-16B7-451A-BF4B-BD3EDA9BCD97}.Release|Any CPU.Build.0 = Release|Any CPU
		{5A3FFA5F-16B7-451A-BF4B-BD3EDA9BCD97}.Release|x64.ActiveCfg = Release|Any CPU
		{5A3FFA5F-16B7-451A-BF4B-BD3EDA9BCD97}.Release|x64.Build.0 = Release|Any CPU
		{5A3FFA5F-16B7-451A-BF4B-BD3EDA9BCD97}.Release|x86.ActiveCfg = Release|Any CPU
		{5A3FFA5F-16B7-451A-BF4B-BD3EDA9BCD97}.Release|x86.Build.0 = Release|Any CPU
		{0FF4BCBF-1404-4717-B1F1-43732B06CF2B}.Debug|Any CPU.ActiveCfg = Debug|Any CPU
		{0FF4BCBF-1404-4717-B1F1-43732B06CF2B}.Debug|Any CPU.Build.0 = Debug|Any CPU
		{0FF4BCBF-1404-4717-B1F1-43732B06CF2B}.Debug|x64.ActiveCfg = Debug|Any CPU
		{0FF4BCBF-1404-4717-B1F1-43732B06CF2B}.Debug|x64.Build.0 = Debug|Any CPU
		{0FF4BCBF-1404-4717-B1F1-43732B06CF2B}.Debug|x86.ActiveCfg = Debug|Any CPU
		{0FF4BCBF-1404-4717-B1F1-43732B06CF2B}.Debug|x86.Build.0 = Debug|Any CPU
		{0FF4BCBF-1404-4717-B1F1-43732B06CF2B}.Release|Any CPU.ActiveCfg = Release|Any CPU
		{0FF4BCBF-1404-4717-B1F1-43732B06CF2B}.Release|Any CPU.Build.0 = Release|Any CPU
		{0FF4BCBF-1404-4717-B1F1-43732B06CF2B}.Release|x64.ActiveCfg = Release|Any CPU
		{0FF4BCBF-1404-4717-B1F1-43732B06CF2B}.Release|x64.Build.0 = Release|Any CPU
		{0FF4BCBF-1404-4717-B1F1-43732B06CF2B}.Release|x86.ActiveCfg = Release|Any CPU
		{0FF4BCBF-1404-4717-B1F1-43732B06CF2B}.Release|x86.Build.0 = Release|Any CPU
	EndGlobalSection
	GlobalSection(SolutionProperties) = preSolution
		HideSolutionNode = FALSE
	EndGlobalSection
	GlobalSection(NestedProjects) = preSolution
		{6BA0280E-D055-4377-9D47-E39912C08B37} = {827E0CD3-B72D-47B6-A68D-7590B98EB39B}
		{BEC24F0C-EBDA-48B7-B70F-0FEE66289DB6} = {827E0CD3-B72D-47B6-A68D-7590B98EB39B}
		{7B674E06-C141-4D15-847D-1D70A40D4746} = {827E0CD3-B72D-47B6-A68D-7590B98EB39B}
		{915648AE-34E7-4664-91DC-F68BB4D7E9BB} = {827E0CD3-B72D-47B6-A68D-7590B98EB39B}
		{ED22E408-F050-409B-A289-9ACF7A144B39} = {827E0CD3-B72D-47B6-A68D-7590B98EB39B}
		{439A87B8-8637-408A-9877-5CE713E94BF3} = {827E0CD3-B72D-47B6-A68D-7590B98EB39B}
		{FC2931C3-FD8A-4CFE-A643-5AABAC90C303} = {827E0CD3-B72D-47B6-A68D-7590B98EB39B}
		{A610F9D1-E83F-485C-9722-FAB4B29A6665} = {827E0CD3-B72D-47B6-A68D-7590B98EB39B}
		{4D057184-48C8-48B4-8498-4C5EEC36DC58} = {827E0CD3-B72D-47B6-A68D-7590B98EB39B}
		{5A3FFA5F-16B7-451A-BF4B-BD3EDA9BCD97} = {827E0CD3-B72D-47B6-A68D-7590B98EB39B}
		{0FF4BCBF-1404-4717-B1F1-43732B06CF2B} = {827E0CD3-B72D-47B6-A68D-7590B98EB39B}
	EndGlobalSection
EndGlobal
